// !$*UTF8*$!
{
	archiveVersion = 1;
	classes = {
	};
	objectVersion = 46;
	objects = {

/* Begin PBXBuildFile section */
		CC14ACF61A268ABB003381AC /* main.m in Sources */ = {isa = PBXBuildFile; fileRef = CC14ACF51A268ABB003381AC /* main.m */; };
		CC14ACF91A268ABB003381AC /* AppDelegate.m in Sources */ = {isa = PBXBuildFile; fileRef = CC14ACF81A268ABB003381AC /* AppDelegate.m */; };
		CC14ACFC1A268ABB003381AC /* ViewController.m in Sources */ = {isa = PBXBuildFile; fileRef = CC14ACFB1A268ABB003381AC /* ViewController.m */; };
		CC14ACFF1A268ABB003381AC /* Main.storyboard in Resources */ = {isa = PBXBuildFile; fileRef = CC14ACFD1A268ABB003381AC /* Main.storyboard */; };
		CC14AD011A268ABB003381AC /* Images.xcassets in Resources */ = {isa = PBXBuildFile; fileRef = CC14AD001A268ABB003381AC /* Images.xcassets */; };
		CC14AD041A268ABB003381AC /* LaunchScreen.xib in Resources */ = {isa = PBXBuildFile; fileRef = CC14AD021A268ABB003381AC /* LaunchScreen.xib */; };
		CC14AD101A268ABB003381AC /* ShaqAttackTests.m in Sources */ = {isa = PBXBuildFile; fileRef = CC14AD0F1A268ABB003381AC /* ShaqAttackTests.m */; };
		CC14AD1B1A28F91F003381AC /* SHQNetworkingUtility.m in Sources */ = {isa = PBXBuildFile; fileRef = CC14AD1A1A28F91F003381AC /* SHQNetworkingUtility.m */; };
/* End PBXBuildFile section */

/* Begin PBXContainerItemProxy section */
		CC14AD0A1A268ABB003381AC /* PBXContainerItemProxy */ = {
			isa = PBXContainerItemProxy;
			containerPortal = CC14ACE81A268ABB003381AC /* Project object */;
			proxyType = 1;
			remoteGlobalIDString = CC14ACEF1A268ABB003381AC;
			remoteInfo = ShaqAttack;
		};
/* End PBXContainerItemProxy section */

/* Begin PBXFileReference section */
		CC14ACF01A268ABB003381AC /* ShaqAttack.app */ = {isa = PBXFileReference; explicitFileType = wrapper.application; includeInIndex = 0; path = ShaqAttack.app; sourceTree = BUILT_PRODUCTS_DIR; };
		CC14ACF41A268ABB003381AC /* Info.plist */ = {isa = PBXFileReference; lastKnownFileType = text.plist.xml; path = Info.plist; sourceTree = "<group>"; };
		CC14ACF51A268ABB003381AC /* main.m */ = {isa = PBXFileReference; lastKnownFileType = sourcecode.c.objc; path = main.m; sourceTree = "<group>"; };
		CC14ACF71A268ABB003381AC /* AppDelegate.h */ = {isa = PBXFileReference; lastKnownFileType = sourcecode.c.h; path = AppDelegate.h; sourceTree = "<group>"; };
		CC14ACF81A268ABB003381AC /* AppDelegate.m */ = {isa = PBXFileReference; lastKnownFileType = sourcecode.c.objc; path = AppDelegate.m; sourceTree = "<group>"; };
		CC14ACFA1A268ABB003381AC /* ViewController.h */ = {isa = PBXFileReference; lastKnownFileType = sourcecode.c.h; path = ViewController.h; sourceTree = "<group>"; };
		CC14ACFB1A268ABB003381AC /* ViewController.m */ = {isa = PBXFileReference; lastKnownFileType = sourcecode.c.objc; path = ViewController.m; sourceTree = "<group>"; };
		CC14ACFE1A268ABB003381AC /* Base */ = {isa = PBXFileReference; lastKnownFileType = file.storyboard; name = Base; path = Base.lproj/Main.storyboard; sourceTree = "<group>"; };
		CC14AD001A268ABB003381AC /* Images.xcassets */ = {isa = PBXFileReference; lastKnownFileType = folder.assetcatalog; path = Images.xcassets; sourceTree = "<group>"; };
		CC14AD031A268ABB003381AC /* Base */ = {isa = PBXFileReference; lastKnownFileType = file.xib; name = Base; path = Base.lproj/LaunchScreen.xib; sourceTree = "<group>"; };
		CC14AD091A268ABB003381AC /* ShaqAttackTests.xctest */ = {isa = PBXFileReference; explicitFileType = wrapper.cfbundle; includeInIndex = 0; path = ShaqAttackTests.xctest; sourceTree = BUILT_PRODUCTS_DIR; };
		CC14AD0E1A268ABB003381AC /* Info.plist */ = {isa = PBXFileReference; lastKnownFileType = text.plist.xml; path = Info.plist; sourceTree = "<group>"; };
		CC14AD0F1A268ABB003381AC /* ShaqAttackTests.m */ = {isa = PBXFileReference; lastKnownFileType = sourcecode.c.objc; path = ShaqAttackTests.m; sourceTree = "<group>"; };
		CC14AD191A28F91F003381AC /* SHQNetworkingUtility.h */ = {isa = PBXFileReference; fileEncoding = 4; lastKnownFileType = sourcecode.c.h; path = SHQNetworkingUtility.h; sourceTree = "<group>"; };
		CC14AD1A1A28F91F003381AC /* SHQNetworkingUtility.m */ = {isa = PBXFileReference; fileEncoding = 4; lastKnownFileType = sourcecode.c.objc; path = SHQNetworkingUtility.m; sourceTree = "<group>"; };
/* End PBXFileReference section */

/* Begin PBXFrameworksBuildPhase section */
		CC14ACED1A268ABB003381AC /* Frameworks */ = {
			isa = PBXFrameworksBuildPhase;
			buildActionMask = 2147483647;
			files = (
			);
			runOnlyForDeploymentPostprocessing = 0;
		};
		CC14AD061A268ABB003381AC /* Frameworks */ = {
			isa = PBXFrameworksBuildPhase;
			buildActionMask = 2147483647;
			files = (
			);
			runOnlyForDeploymentPostprocessing = 0;
		};
/* End PBXFrameworksBuildPhase section */

/* Begin PBXGroup section */
		CC14ACE71A268ABB003381AC = {
			isa = PBXGroup;
			children = (
				CC14ACF21A268ABB003381AC /* ShaqAttack */,
				CC14AD0C1A268ABB003381AC /* ShaqAttackTests */,
				CC14ACF11A268ABB003381AC /* Products */,
			);
			sourceTree = "<group>";
		};
		CC14ACF11A268ABB003381AC /* Products */ = {
			isa = PBXGroup;
			children = (
				CC14ACF01A268ABB003381AC /* ShaqAttack.app */,
				CC14AD091A268ABB003381AC /* ShaqAttackTests.xctest */,
			);
			name = Products;
			sourceTree = "<group>";
		};
		CC14ACF21A268ABB003381AC /* ShaqAttack */ = {
			isa = PBXGroup;
			children = (
				CC14ACF71A268ABB003381AC /* AppDelegate.h */,
				CC14ACF81A268ABB003381AC /* AppDelegate.m */,
				CC14ACFA1A268ABB003381AC /* ViewController.h */,
				CC14ACFB1A268ABB003381AC /* ViewController.m */,
				CC14AD191A28F91F003381AC /* SHQNetworkingUtility.h */,
				CC14AD1A1A28F91F003381AC /* SHQNetworkingUtility.m */,
				CC14ACFD1A268ABB003381AC /* Main.storyboard */,
				CC14AD001A268ABB003381AC /* Images.xcassets */,
				CC14AD021A268ABB003381AC /* LaunchScreen.xib */,
				CC14ACF31A268ABB003381AC /* Supporting Files */,
			);
			path = ShaqAttack;
			sourceTree = "<group>";
		};
		CC14ACF31A268ABB003381AC /* Supporting Files */ = {
			isa = PBXGroup;
			children = (
				CC14ACF41A268ABB003381AC /* Info.plist */,
				CC14ACF51A268ABB003381AC /* main.m */,
			);
			name = "Supporting Files";
			sourceTree = "<group>";
		};
		CC14AD0C1A268ABB003381AC /* ShaqAttackTests */ = {
			isa = PBXGroup;
			children = (
				CC14AD0F1A268ABB003381AC /* ShaqAttackTests.m */,
				CC14AD0D1A268ABB003381AC /* Supporting Files */,
			);
			path = ShaqAttackTests;
			sourceTree = "<group>";
		};
		CC14AD0D1A268ABB003381AC /* Supporting Files */ = {
			isa = PBXGroup;
			children = (
				CC14AD0E1A268ABB003381AC /* Info.plist */,
			);
			name = "Supporting Files";
			sourceTree = "<group>";
		};
/* End PBXGroup section */

/* Begin PBXNativeTarget section */
		CC14ACEF1A268ABB003381AC /* ShaqAttack */ = {
			isa = PBXNativeTarget;
			buildConfigurationList = CC14AD131A268ABB003381AC /* Build configuration list for PBXNativeTarget "ShaqAttack" */;
			buildPhases = (
				CC14ACEC1A268ABB003381AC /* Sources */,
				CC14ACED1A268ABB003381AC /* Frameworks */,
				CC14ACEE1A268ABB003381AC /* Resources */,
			);
			buildRules = (
			);
			dependencies = (
			);
			name = ShaqAttack;
			productName = ShaqAttack;
			productReference = CC14ACF01A268ABB003381AC /* ShaqAttack.app */;
			productType = "com.apple.product-type.application";
		};
		CC14AD081A268ABB003381AC /* ShaqAttackTests */ = {
			isa = PBXNativeTarget;
			buildConfigurationList = CC14AD161A268ABB003381AC /* Build configuration list for PBXNativeTarget "ShaqAttackTests" */;
			buildPhases = (
				CC14AD051A268ABB003381AC /* Sources */,
				CC14AD061A268ABB003381AC /* Frameworks */,
				CC14AD071A268ABB003381AC /* Resources */,
			);
			buildRules = (
			);
			dependencies = (
				CC14AD0B1A268ABB003381AC /* PBXTargetDependency */,
			);
			name = ShaqAttackTests;
			productName = ShaqAttackTests;
			productReference = CC14AD091A268ABB003381AC /* ShaqAttackTests.xctest */;
			productType = "com.apple.product-type.bundle.unit-test";
		};
/* End PBXNativeTarget section */

/* Begin PBXProject section */
		CC14ACE81A268ABB003381AC /* Project object */ = {
			isa = PBXProject;
			attributes = {
				LastUpgradeCheck = 0610;
				ORGANIZATIONNAME = "Rachel Hyman";
				TargetAttributes = {
					CC14ACEF1A268ABB003381AC = {
						CreatedOnToolsVersion = 6.1;
					};
					CC14AD081A268ABB003381AC = {
						CreatedOnToolsVersion = 6.1;
						TestTargetID = CC14ACEF1A268ABB003381AC;
					};
				};
			};
			buildConfigurationList = CC14ACEB1A268ABB003381AC /* Build configuration list for PBXProject "ShaqAttack" */;
			compatibilityVersion = "Xcode 3.2";
			developmentRegion = English;
			hasScannedForEncodings = 0;
			knownRegions = (
				en,
				Base,
			);
			mainGroup = CC14ACE71A268ABB003381AC;
			productRefGroup = CC14ACF11A268ABB003381AC /* Products */;
			projectDirPath = "";
			projectRoot = "";
			targets = (
				CC14ACEF1A268ABB003381AC /* ShaqAttack */,
				CC14AD081A268ABB003381AC /* ShaqAttackTests */,
			);
		};
/* End PBXProject section */

/* Begin PBXResourcesBuildPhase section */
		CC14ACEE1A268ABB003381AC /* Resources */ = {
			isa = PBXResourcesBuildPhase;
			buildActionMask = 2147483647;
			files = (
				CC14ACFF1A268ABB003381AC /* Main.storyboard in Resources */,
				CC14AD041A268ABB003381AC /* LaunchScreen.xib in Resources */,
				CC14AD011A268ABB003381AC /* Images.xcassets in Resources */,
			);
			runOnlyForDeploymentPostprocessing = 0;
		};
		CC14AD071A268ABB003381AC /* Resources */ = {
			isa = PBXResourcesBuildPhase;
			buildActionMask = 2147483647;
			files = (
			);
			runOnlyForDeploymentPostprocessing = 0;
		};
/* End PBXResourcesBuildPhase section */

/* Begin PBXSourcesBuildPhase section */
		CC14ACEC1A268ABB003381AC /* Sources */ = {
			isa = PBXSourcesBuildPhase;
			buildActionMask = 2147483647;
			files = (
				CC14ACFC1A268ABB003381AC /* ViewController.m in Sources */,
				CC14AD1B1A28F91F003381AC /* SHQNetworkingUtility.m in Sources */,
				CC14ACF91A268ABB003381AC /* AppDelegate.m in Sources */,
				CC14ACF61A268ABB003381AC /* main.m in Sources */,
			);
			runOnlyForDeploymentPostprocessing = 0;
		};
		CC14AD051A268ABB003381AC /* Sources */ = {
			isa = PBXSourcesBuildPhase;
			buildActionMask = 2147483647;
			files = (
				CC14AD101A268ABB003381AC /* ShaqAttackTests.m in Sources */,
			);
			runOnlyForDeploymentPostprocessing = 0;
		};
/* End PBXSourcesBuildPhase section */

/* Begin PBXTargetDependency section */
		CC14AD0B1A268ABB003381AC /* PBXTargetDependency */ = {
			isa = PBXTargetDependency;
			target = CC14ACEF1A268ABB003381AC /* ShaqAttack */;
			targetProxy = CC14AD0A1A268ABB003381AC /* PBXContainerItemProxy */;
		};
/* End PBXTargetDependency section */

/* Begin PBXVariantGroup section */
		CC14ACFD1A268ABB003381AC /* Main.storyboard */ = {
			isa = PBXVariantGroup;
			children = (
				CC14ACFE1A268ABB003381AC /* Base */,
			);
			name = Main.storyboard;
			sourceTree = "<group>";
		};
		CC14AD021A268ABB003381AC /* LaunchScreen.xib */ = {
			isa = PBXVariantGroup;
			children = (
				CC14AD031A268ABB003381AC /* Base */,
			);
			name = LaunchScreen.xib;
			sourceTree = "<group>";
		};
/* End PBXVariantGroup section */

/* Begin XCBuildConfiguration section */
		CC14AD111A268ABB003381AC /* Debug */ = {
			isa = XCBuildConfiguration;
			buildSettings = {
				ALWAYS_SEARCH_USER_PATHS = NO;
				CLANG_CXX_LANGUAGE_STANDARD = "gnu++0x";
				CLANG_CXX_LIBRARY = "libc++";
				CLANG_ENABLE_MODULES = YES;
				CLANG_ENABLE_OBJC_ARC = YES;
				CLANG_WARN_BOOL_CONVERSION = YES;
				CLANG_WARN_CONSTANT_CONVERSION = YES;
				CLANG_WARN_DIRECT_OBJC_ISA_USAGE = YES_ERROR;
				CLANG_WARN_EMPTY_BODY = YES;
				CLANG_WARN_ENUM_CONVERSION = YES;
				CLANG_WARN_INT_CONVERSION = YES;
				CLANG_WARN_OBJC_ROOT_CLASS = YES_ERROR;
				CLANG_WARN_UNREACHABLE_CODE = YES;
				CLANG_WARN__DUPLICATE_METHOD_MATCH = YES;
				"CODE_SIGN_IDENTITY[sdk=iphoneos*]" = "iPhone Developer";
				COPY_PHASE_STRIP = NO;
				ENABLE_STRICT_OBJC_MSGSEND = YES;
				GCC_C_LANGUAGE_STANDARD = gnu99;
				GCC_DYNAMIC_NO_PIC = NO;
				GCC_OPTIMIZATION_LEVEL = 0;
				GCC_PREPROCESSOR_DEFINITIONS = (
					"DEBUG=1",
					"$(inherited)",
				);
				GCC_SYMBOLS_PRIVATE_EXTERN = NO;
				GCC_WARN_64_TO_32_BIT_CONVERSION = YES;
				GCC_WARN_ABOUT_RETURN_TYPE = YES_ERROR;
				GCC_WARN_UNDECLARED_SELECTOR = YES;
				GCC_WARN_UNINITIALIZED_AUTOS = YES_AGGRESSIVE;
				GCC_WARN_UNUSED_FUNCTION = YES;
				GCC_WARN_UNUSED_VARIABLE = YES;
				IPHONEOS_DEPLOYMENT_TARGET = 8.1;
				MTL_ENABLE_DEBUG_INFO = YES;
				ONLY_ACTIVE_ARCH = YES;
				SDKROOT = iphoneos;
			};
			name = Debug;
		};
		CC14AD121A268ABB003381AC /* Release */ = {
			isa = XCBuildConfiguration;
			buildSettings = {
				ALWAYS_SEARCH_USER_PATHS = NO;
				CLANG_CXX_LANGUAGE_STANDARD = "gnu++0x";
				CLANG_CXX_LIBRARY = "libc++";
				CLANG_ENABLE_MODULES = YES;
				CLANG_ENABLE_OBJC_ARC = YES;
				CLANG_WARN_BOOL_CONVERSION = YES;
				CLANG_WARN_CONSTANT_CONVERSION = YES;
				CLANG_WARN_DIRECT_OBJC_ISA_USAGE = YES_ERROR;
				CLANG_WARN_EMPTY_BODY = YES;
				CLANG_WARN_ENUM_CONVERSION = YES;
				CLANG_WARN_INT_CONVERSION = YES;
				CLANG_WARN_OBJC_ROOT_CLASS = YES_ERROR;
				CLANG_WARN_UNREACHABLE_CODE = YES;
				CLANG_WARN__DUPLICATE_METHOD_MATCH = YES;
				"CODE_SIGN_IDENTITY[sdk=iphoneos*]" = "iPhone Developer";
				COPY_PHASE_STRIP = YES;
				ENABLE_NS_ASSERTIONS = NO;
				ENABLE_STRICT_OBJC_MSGSEND = YES;
				GCC_C_LANGUAGE_STANDARD = gnu99;
				GCC_WARN_64_TO_32_BIT_CONVERSION = YES;
				GCC_WARN_ABOUT_RETURN_TYPE = YES_ERROR;
				GCC_WARN_UNDECLARED_SELECTOR = YES;
				GCC_WARN_UNINITIALIZED_AUTOS = YES_AGGRESSIVE;
				GCC_WARN_UNUSED_FUNCTION = YES;
				GCC_WARN_UNUSED_VARIABLE = YES;
				IPHONEOS_DEPLOYMENT_TARGET = 8.1;
				MTL_ENABLE_DEBUG_INFO = NO;
				SDKROOT = iphoneos;
				VALIDATE_PRODUCT = YES;
			};
			name = Release;
		};
		CC14AD141A268ABB003381AC /* Debug */ = {
			isa = XCBuildConfiguration;
			buildSettings = {
				ASSETCATALOG_COMPILER_APPICON_NAME = AppIcon;
				INFOPLIST_FILE = ShaqAttack/Info.plist;
				LD_RUNPATH_SEARCH_PATHS = "$(inherited) @executable_path/Frameworks";
				PRODUCT_NAME = "$(TARGET_NAME)";
			};
			name = Debug;
		};
		CC14AD151A268ABB003381AC /* Release */ = {
			isa = XCBuildConfiguration;
			buildSettings = {
				ASSETCATALOG_COMPILER_APPICON_NAME = AppIcon;
				INFOPLIST_FILE = ShaqAttack/Info.plist;
				LD_RUNPATH_SEARCH_PATHS = "$(inherited) @executable_path/Frameworks";
				PRODUCT_NAME = "$(TARGET_NAME)";
			};
			name = Release;
		};
		CC14AD171A268ABB003381AC /* Debug */ = {
			isa = XCBuildConfiguration;
			buildSettings = {
				BUNDLE_LOADER = "$(TEST_HOST)";
				FRAMEWORK_SEARCH_PATHS = (
					"$(SDKROOT)/Developer/Library/Frameworks",
					"$(inherited)",
				);
				GCC_PREPROCESSOR_DEFINITIONS = (
					"DEBUG=1",
					"$(inherited)",
				);
				INFOPLIST_FILE = ShaqAttackTests/Info.plist;
				LD_RUNPATH_SEARCH_PATHS = "$(inherited) @executable_path/Frameworks @loader_path/Frameworks";
				PRODUCT_NAME = "$(TARGET_NAME)";
				TEST_HOST = "$(BUILT_PRODUCTS_DIR)/ShaqAttack.app/ShaqAttack";
			};
			name = Debug;
		};
		CC14AD181A268ABB003381AC /* Release */ = {
			isa = XCBuildConfiguration;
			buildSettings = {
				BUNDLE_LOADER = "$(TEST_HOST)";
				FRAMEWORK_SEARCH_PATHS = (
					"$(SDKROOT)/Developer/Library/Frameworks",
					"$(inherited)",
				);
				INFOPLIST_FILE = ShaqAttackTests/Info.plist;
				LD_RUNPATH_SEARCH_PATHS = "$(inherited) @executable_path/Frameworks @loader_path/Frameworks";
				PRODUCT_NAME = "$(TARGET_NAME)";
				TEST_HOST = "$(BUILT_PRODUCTS_DIR)/ShaqAttack.app/ShaqAttack";
			};
			name = Release;
		};
/* End XCBuildConfiguration section */

/* Begin XCConfigurationList section */
		CC14ACEB1A268ABB003381AC /* Build configuration list for PBXProject "ShaqAttack" */ = {
			isa = XCConfigurationList;
			buildConfigurations = (
				CC14AD111A268ABB003381AC /* Debug */,
				CC14AD121A268ABB003381AC /* Release */,
			);
			defaultConfigurationIsVisible = 0;
			defaultConfigurationName = Release;
		};
		CC14AD131A268ABB003381AC /* Build configuration list for PBXNativeTarget "ShaqAttack" */ = {
			isa = XCConfigurationList;
			buildConfigurations = (
				CC14AD141A268ABB003381AC /* Debug */,
				CC14AD151A268ABB003381AC /* Release */,
			);
			defaultConfigurationIsVisible = 0;
			defaultConfigurationName = Release;
		};
		CC14AD161A268ABB003381AC /* Build configuration list for PBXNativeTarget "ShaqAttackTests" */ = {
			isa = XCConfigurationList;
			buildConfigurations = (
				CC14AD171A268ABB003381AC /* Debug */,
				CC14AD181A268ABB003381AC /* Release */,
			);
			defaultConfigurationIsVisible = 0;
			defaultConfigurationName = Release;
		};
/* End XCConfigurationList section */
	};
	rootObject = CC14ACE81A268ABB003381AC /* Project object */;
}
